// !$*UTF8*$!
{
	archiveVersion = 1;
	classes = {
	};
	objectVersion = 51;
	objects = {

/* Begin PBXBuildFile section */
		2A8A2413BD2C02C1376963B4 /* Pods_Swift_Practice2022_Swift_Practice2022UITests.framework in Frameworks */ = {isa = PBXBuildFile; fileRef = 2EDC04C83D1521D8C037B380 /* Pods_Swift_Practice2022_Swift_Practice2022UITests.framework */; };
		86E35D5B1CE87292B8F47C28 /* Pods_Swift_Practice2022.framework in Frameworks */ = {isa = PBXBuildFile; fileRef = D6A5ED13C60691315E62677C /* Pods_Swift_Practice2022.framework */; };
		9A089A0BD8E95054EDCD2E10 /* Pods_Swift_Practice2022Tests.framework in Frameworks */ = {isa = PBXBuildFile; fileRef = 9CFA3BDABDF7AFA571E4D17A /* Pods_Swift_Practice2022Tests.framework */; };
		DB34B4D1283794ED0007FDC9 /* Reusable.swift in Sources */ = {isa = PBXBuildFile; fileRef = DB34B4D0283794ED0007FDC9 /* Reusable.swift */; };
		DB34B4DA2837BE650007FDC9 /* LoginModel.swift in Sources */ = {isa = PBXBuildFile; fileRef = DB34B4D92837BE650007FDC9 /* LoginModel.swift */; };
		DB36AFE4283B6DC6004AB94C /* APICalls.swift in Sources */ = {isa = PBXBuildFile; fileRef = DB36AFE3283B6DC6004AB94C /* APICalls.swift */; };
		DB36AFEC283B867B004AB94C /* SignupModel.swift in Sources */ = {isa = PBXBuildFile; fileRef = DB36AFEB283B867B004AB94C /* SignupModel.swift */; };
		DB36AFF1283B89C4004AB94C /* HomeModel.swift in Sources */ = {isa = PBXBuildFile; fileRef = DB36AFF0283B89C4004AB94C /* HomeModel.swift */; };
		DB38028127E23BCC004F27D8 /* AppDelegate.swift in Sources */ = {isa = PBXBuildFile; fileRef = DB38028027E23BCC004F27D8 /* AppDelegate.swift */; };
		DB38028327E23BCC004F27D8 /* SceneDelegate.swift in Sources */ = {isa = PBXBuildFile; fileRef = DB38028227E23BCC004F27D8 /* SceneDelegate.swift */; };
		DB38028527E23BCC004F27D8 /* ViewController.swift in Sources */ = {isa = PBXBuildFile; fileRef = DB38028427E23BCC004F27D8 /* ViewController.swift */; };
		DB38028827E23BCC004F27D8 /* Main.storyboard in Resources */ = {isa = PBXBuildFile; fileRef = DB38028627E23BCC004F27D8 /* Main.storyboard */; };
		DB38028B27E23BCC004F27D8 /* Swift_Practice2022.xcdatamodeld in Sources */ = {isa = PBXBuildFile; fileRef = DB38028927E23BCC004F27D8 /* Swift_Practice2022.xcdatamodeld */; };
		DB38028D27E23BCF004F27D8 /* Assets.xcassets in Resources */ = {isa = PBXBuildFile; fileRef = DB38028C27E23BCF004F27D8 /* Assets.xcassets */; };
		DB38029027E23BCF004F27D8 /* LaunchScreen.storyboard in Resources */ = {isa = PBXBuildFile; fileRef = DB38028E27E23BCF004F27D8 /* LaunchScreen.storyboard */; };
		DB38029B27E23BD0004F27D8 /* Swift_Practice2022Tests.swift in Sources */ = {isa = PBXBuildFile; fileRef = DB38029A27E23BD0004F27D8 /* Swift_Practice2022Tests.swift */; };
		DB3802A627E23BD0004F27D8 /* Swift_Practice2022UITests.swift in Sources */ = {isa = PBXBuildFile; fileRef = DB3802A527E23BD0004F27D8 /* Swift_Practice2022UITests.swift */; };
		DB6BEDC527F719AD00C3855E /* file-sample_1MB.docx in Resources */ = {isa = PBXBuildFile; fileRef = DB6BEDC427F719AC00C3855E /* file-sample_1MB.docx */; };
		DBAFDA302836432B00E167AD /* LoginVC.swift in Sources */ = {isa = PBXBuildFile; fileRef = DBAFDA2F2836432B00E167AD /* LoginVC.swift */; };
		DBAFDA382836434500E167AD /* SignUpVC.swift in Sources */ = {isa = PBXBuildFile; fileRef = DBAFDA372836434500E167AD /* SignUpVC.swift */; };
		DBAFDA3D2836435700E167AD /* HomeVC.swift in Sources */ = {isa = PBXBuildFile; fileRef = DBAFDA3C2836435700E167AD /* HomeVC.swift */; };
/* End PBXBuildFile section */

/* Begin PBXContainerItemProxy section */
		DB38029727E23BD0004F27D8 /* PBXContainerItemProxy */ = {
			isa = PBXContainerItemProxy;
			containerPortal = DB38027527E23BCC004F27D8 /* Project object */;
			proxyType = 1;
			remoteGlobalIDString = DB38027C27E23BCC004F27D8;
			remoteInfo = Swift_Practice2022;
		};
		DB3802A227E23BD0004F27D8 /* PBXContainerItemProxy */ = {
			isa = PBXContainerItemProxy;
			containerPortal = DB38027527E23BCC004F27D8 /* Project object */;
			proxyType = 1;
			remoteGlobalIDString = DB38027C27E23BCC004F27D8;
			remoteInfo = Swift_Practice2022;
		};
/* End PBXContainerItemProxy section */

/* Begin PBXFileReference section */
		0836C76C28392E940330BDCC /* Pods-Swift_Practice2022.release.xcconfig */ = {isa = PBXFileReference; includeInIndex = 1; lastKnownFileType = text.xcconfig; name = "Pods-Swift_Practice2022.release.xcconfig"; path = "Target Support Files/Pods-Swift_Practice2022/Pods-Swift_Practice2022.release.xcconfig"; sourceTree = "<group>"; };
		2EDC04C83D1521D8C037B380 /* Pods_Swift_Practice2022_Swift_Practice2022UITests.framework */ = {isa = PBXFileReference; explicitFileType = wrapper.framework; includeInIndex = 0; path = Pods_Swift_Practice2022_Swift_Practice2022UITests.framework; sourceTree = BUILT_PRODUCTS_DIR; };
		3C6477B87D9979D81A17E108 /* Pods-Swift_Practice2022.debug.xcconfig */ = {isa = PBXFileReference; includeInIndex = 1; lastKnownFileType = text.xcconfig; name = "Pods-Swift_Practice2022.debug.xcconfig"; path = "Target Support Files/Pods-Swift_Practice2022/Pods-Swift_Practice2022.debug.xcconfig"; sourceTree = "<group>"; };
		6657280E3B7968911CF8A4B7 /* Pods-Swift_Practice2022-Swift_Practice2022UITests.release.xcconfig */ = {isa = PBXFileReference; includeInIndex = 1; lastKnownFileType = text.xcconfig; name = "Pods-Swift_Practice2022-Swift_Practice2022UITests.release.xcconfig"; path = "Target Support Files/Pods-Swift_Practice2022-Swift_Practice2022UITests/Pods-Swift_Practice2022-Swift_Practice2022UITests.release.xcconfig"; sourceTree = "<group>"; };
		852435C7F6B82E8724C40746 /* Pods-Swift_Practice2022-Swift_Practice2022UITests.debug.xcconfig */ = {isa = PBXFileReference; includeInIndex = 1; lastKnownFileType = text.xcconfig; name = "Pods-Swift_Practice2022-Swift_Practice2022UITests.debug.xcconfig"; path = "Target Support Files/Pods-Swift_Practice2022-Swift_Practice2022UITests/Pods-Swift_Practice2022-Swift_Practice2022UITests.debug.xcconfig"; sourceTree = "<group>"; };
		9C9B12C7CAD994027001EC09 /* Pods-Swift_Practice2022Tests.release.xcconfig */ = {isa = PBXFileReference; includeInIndex = 1; lastKnownFileType = text.xcconfig; name = "Pods-Swift_Practice2022Tests.release.xcconfig"; path = "Target Support Files/Pods-Swift_Practice2022Tests/Pods-Swift_Practice2022Tests.release.xcconfig"; sourceTree = "<group>"; };
		9CFA3BDABDF7AFA571E4D17A /* Pods_Swift_Practice2022Tests.framework */ = {isa = PBXFileReference; explicitFileType = wrapper.framework; includeInIndex = 0; path = Pods_Swift_Practice2022Tests.framework; sourceTree = BUILT_PRODUCTS_DIR; };
		ABD525A5E5116AB8477AB748 /* Pods-Swift_Practice2022Tests.debug.xcconfig */ = {isa = PBXFileReference; includeInIndex = 1; lastKnownFileType = text.xcconfig; name = "Pods-Swift_Practice2022Tests.debug.xcconfig"; path = "Target Support Files/Pods-Swift_Practice2022Tests/Pods-Swift_Practice2022Tests.debug.xcconfig"; sourceTree = "<group>"; };
		D6A5ED13C60691315E62677C /* Pods_Swift_Practice2022.framework */ = {isa = PBXFileReference; explicitFileType = wrapper.framework; includeInIndex = 0; path = Pods_Swift_Practice2022.framework; sourceTree = BUILT_PRODUCTS_DIR; };
		DB34B4D0283794ED0007FDC9 /* Reusable.swift */ = {isa = PBXFileReference; lastKnownFileType = sourcecode.swift; path = Reusable.swift; sourceTree = "<group>"; };
		DB34B4D92837BE650007FDC9 /* LoginModel.swift */ = {isa = PBXFileReference; lastKnownFileType = sourcecode.swift; path = LoginModel.swift; sourceTree = "<group>"; };
		DB36AFE3283B6DC6004AB94C /* APICalls.swift */ = {isa = PBXFileReference; lastKnownFileType = sourcecode.swift; path = APICalls.swift; sourceTree = "<group>"; };
		DB36AFEB283B867B004AB94C /* SignupModel.swift */ = {isa = PBXFileReference; lastKnownFileType = sourcecode.swift; path = SignupModel.swift; sourceTree = "<group>"; };
		DB36AFF0283B89C4004AB94C /* HomeModel.swift */ = {isa = PBXFileReference; lastKnownFileType = sourcecode.swift; path = HomeModel.swift; sourceTree = "<group>"; };
		DB38027D27E23BCC004F27D8 /* Swift_Practice2022.app */ = {isa = PBXFileReference; explicitFileType = wrapper.application; includeInIndex = 0; path = Swift_Practice2022.app; sourceTree = BUILT_PRODUCTS_DIR; };
		DB38028027E23BCC004F27D8 /* AppDelegate.swift */ = {isa = PBXFileReference; lastKnownFileType = sourcecode.swift; path = AppDelegate.swift; sourceTree = "<group>"; };
		DB38028227E23BCC004F27D8 /* SceneDelegate.swift */ = {isa = PBXFileReference; lastKnownFileType = sourcecode.swift; path = SceneDelegate.swift; sourceTree = "<group>"; };
		DB38028427E23BCC004F27D8 /* ViewController.swift */ = {isa = PBXFileReference; lastKnownFileType = sourcecode.swift; path = ViewController.swift; sourceTree = "<group>"; };
		DB38028727E23BCC004F27D8 /* Base */ = {isa = PBXFileReference; lastKnownFileType = file.storyboard; name = Base; path = Base.lproj/Main.storyboard; sourceTree = "<group>"; };
		DB38028A27E23BCC004F27D8 /* Swift_Practice2022.xcdatamodel */ = {isa = PBXFileReference; lastKnownFileType = wrapper.xcdatamodel; path = Swift_Practice2022.xcdatamodel; sourceTree = "<group>"; };
		DB38028C27E23BCF004F27D8 /* Assets.xcassets */ = {isa = PBXFileReference; lastKnownFileType = folder.assetcatalog; path = Assets.xcassets; sourceTree = "<group>"; };
		DB38028F27E23BCF004F27D8 /* Base */ = {isa = PBXFileReference; lastKnownFileType = file.storyboard; name = Base; path = Base.lproj/LaunchScreen.storyboard; sourceTree = "<group>"; };
		DB38029127E23BCF004F27D8 /* Info.plist */ = {isa = PBXFileReference; lastKnownFileType = text.plist.xml; path = Info.plist; sourceTree = "<group>"; };
		DB38029627E23BD0004F27D8 /* Swift_Practice2022Tests.xctest */ = {isa = PBXFileReference; explicitFileType = wrapper.cfbundle; includeInIndex = 0; path = Swift_Practice2022Tests.xctest; sourceTree = BUILT_PRODUCTS_DIR; };
		DB38029A27E23BD0004F27D8 /* Swift_Practice2022Tests.swift */ = {isa = PBXFileReference; lastKnownFileType = sourcecode.swift; path = Swift_Practice2022Tests.swift; sourceTree = "<group>"; };
		DB38029C27E23BD0004F27D8 /* Info.plist */ = {isa = PBXFileReference; lastKnownFileType = text.plist.xml; path = Info.plist; sourceTree = "<group>"; };
		DB3802A127E23BD0004F27D8 /* Swift_Practice2022UITests.xctest */ = {isa = PBXFileReference; explicitFileType = wrapper.cfbundle; includeInIndex = 0; path = Swift_Practice2022UITests.xctest; sourceTree = BUILT_PRODUCTS_DIR; };
		DB3802A527E23BD0004F27D8 /* Swift_Practice2022UITests.swift */ = {isa = PBXFileReference; lastKnownFileType = sourcecode.swift; path = Swift_Practice2022UITests.swift; sourceTree = "<group>"; };
		DB3802A727E23BD0004F27D8 /* Info.plist */ = {isa = PBXFileReference; lastKnownFileType = text.plist.xml; path = Info.plist; sourceTree = "<group>"; };
		DB6BEDC427F719AC00C3855E /* file-sample_1MB.docx */ = {isa = PBXFileReference; lastKnownFileType = file; path = "file-sample_1MB.docx"; sourceTree = "<group>"; };
		DBAFDA2F2836432B00E167AD /* LoginVC.swift */ = {isa = PBXFileReference; lastKnownFileType = sourcecode.swift; path = LoginVC.swift; sourceTree = "<group>"; };
		DBAFDA372836434500E167AD /* SignUpVC.swift */ = {isa = PBXFileReference; lastKnownFileType = sourcecode.swift; path = SignUpVC.swift; sourceTree = "<group>"; };
		DBAFDA3C2836435700E167AD /* HomeVC.swift */ = {isa = PBXFileReference; lastKnownFileType = sourcecode.swift; path = HomeVC.swift; sourceTree = "<group>"; };
		DBB7732927F305B600D2AD06 /* HigherOrder.playground */ = {isa = PBXFileReference; lastKnownFileType = file.playground; path = HigherOrder.playground; sourceTree = "<group>"; xcLanguageSpecificationIdentifier = xcode.lang.swift; };
/* End PBXFileReference section */

/* Begin PBXFrameworksBuildPhase section */
		DB38027A27E23BCC004F27D8 /* Frameworks */ = {
			isa = PBXFrameworksBuildPhase;
			buildActionMask = 2147483647;
			files = (
				86E35D5B1CE87292B8F47C28 /* Pods_Swift_Practice2022.framework in Frameworks */,
			);
			runOnlyForDeploymentPostprocessing = 0;
		};
		DB38029327E23BD0004F27D8 /* Frameworks */ = {
			isa = PBXFrameworksBuildPhase;
			buildActionMask = 2147483647;
			files = (
				9A089A0BD8E95054EDCD2E10 /* Pods_Swift_Practice2022Tests.framework in Frameworks */,
			);
			runOnlyForDeploymentPostprocessing = 0;
		};
		DB38029E27E23BD0004F27D8 /* Frameworks */ = {
			isa = PBXFrameworksBuildPhase;
			buildActionMask = 2147483647;
			files = (
				2A8A2413BD2C02C1376963B4 /* Pods_Swift_Practice2022_Swift_Practice2022UITests.framework in Frameworks */,
			);
			runOnlyForDeploymentPostprocessing = 0;
		};
/* End PBXFrameworksBuildPhase section */

/* Begin PBXGroup section */
		6EF2BDD7ADAD5BDDF023C371 /* Frameworks */ = {
			isa = PBXGroup;
			children = (
				D6A5ED13C60691315E62677C /* Pods_Swift_Practice2022.framework */,
				2EDC04C83D1521D8C037B380 /* Pods_Swift_Practice2022_Swift_Practice2022UITests.framework */,
				9CFA3BDABDF7AFA571E4D17A /* Pods_Swift_Practice2022Tests.framework */,
			);
			name = Frameworks;
			sourceTree = "<group>";
		};
		D56203B0E8B6C1BF657C9CB6 /* Pods */ = {
			isa = PBXGroup;
			children = (
				3C6477B87D9979D81A17E108 /* Pods-Swift_Practice2022.debug.xcconfig */,
				0836C76C28392E940330BDCC /* Pods-Swift_Practice2022.release.xcconfig */,
				852435C7F6B82E8724C40746 /* Pods-Swift_Practice2022-Swift_Practice2022UITests.debug.xcconfig */,
				6657280E3B7968911CF8A4B7 /* Pods-Swift_Practice2022-Swift_Practice2022UITests.release.xcconfig */,
				ABD525A5E5116AB8477AB748 /* Pods-Swift_Practice2022Tests.debug.xcconfig */,
				9C9B12C7CAD994027001EC09 /* Pods-Swift_Practice2022Tests.release.xcconfig */,
			);
			path = Pods;
			sourceTree = "<group>";
		};
		DB34B4CF283794CE0007FDC9 /* Model */ = {
			isa = PBXGroup;
			children = (
				DB34B4D0283794ED0007FDC9 /* Reusable.swift */,
			);
			path = Model;
			sourceTree = "<group>";
		};
		DB36AFE2283B6DAA004AB94C /* APICalss */ = {
			isa = PBXGroup;
			children = (
				DB36AFE3283B6DC6004AB94C /* APICalls.swift */,
			);
			path = APICalss;
			sourceTree = "<group>";
		};
		DB38027427E23BCC004F27D8 = {
			isa = PBXGroup;
			children = (
				DB38027F27E23BCC004F27D8 /* Swift_Practice2022 */,
				DB38029927E23BD0004F27D8 /* Swift_Practice2022Tests */,
				DB3802A427E23BD0004F27D8 /* Swift_Practice2022UITests */,
				DB38027E27E23BCC004F27D8 /* Products */,
				D56203B0E8B6C1BF657C9CB6 /* Pods */,
				6EF2BDD7ADAD5BDDF023C371 /* Frameworks */,
			);
			sourceTree = "<group>";
		};
		DB38027E27E23BCC004F27D8 /* Products */ = {
			isa = PBXGroup;
			children = (
				DB38027D27E23BCC004F27D8 /* Swift_Practice2022.app */,
				DB38029627E23BD0004F27D8 /* Swift_Practice2022Tests.xctest */,
				DB3802A127E23BD0004F27D8 /* Swift_Practice2022UITests.xctest */,
			);
			name = Products;
			sourceTree = "<group>";
		};
		DB38027F27E23BCC004F27D8 /* Swift_Practice2022 */ = {
			isa = PBXGroup;
			children = (
				DB38028027E23BCC004F27D8 /* AppDelegate.swift */,
				DB38028227E23BCC004F27D8 /* SceneDelegate.swift */,
				DB38028427E23BCC004F27D8 /* ViewController.swift */,
				DB36AFE2283B6DAA004AB94C /* APICalss */,
				DBAFDA2E2836422A00E167AD /* HomeScreen */,
				DBAFDA2D2836421E00E167AD /* SignupScreen */,
				DBAFDA292836420C00E167AD /* LoginScreen */,
				DB6BEDC427F719AC00C3855E /* file-sample_1MB.docx */,
				DB34B4CF283794CE0007FDC9 /* Model */,
				DBFF621027EF6D2900AB2628 /* HigherOrder_Functions */,
				DB38028627E23BCC004F27D8 /* Main.storyboard */,
				DB38028C27E23BCF004F27D8 /* Assets.xcassets */,
				DB38028E27E23BCF004F27D8 /* LaunchScreen.storyboard */,
				DB38029127E23BCF004F27D8 /* Info.plist */,
				DB38028927E23BCC004F27D8 /* Swift_Practice2022.xcdatamodeld */,
			);
			path = Swift_Practice2022;
			sourceTree = "<group>";
		};
		DB38029927E23BD0004F27D8 /* Swift_Practice2022Tests */ = {
			isa = PBXGroup;
			children = (
				DB38029A27E23BD0004F27D8 /* Swift_Practice2022Tests.swift */,
				DB38029C27E23BD0004F27D8 /* Info.plist */,
			);
			path = Swift_Practice2022Tests;
			sourceTree = "<group>";
		};
		DB3802A427E23BD0004F27D8 /* Swift_Practice2022UITests */ = {
			isa = PBXGroup;
			children = (
				DB3802A527E23BD0004F27D8 /* Swift_Practice2022UITests.swift */,
				DB3802A727E23BD0004F27D8 /* Info.plist */,
			);
			path = Swift_Practice2022UITests;
			sourceTree = "<group>";
		};
		DBAFDA292836420C00E167AD /* LoginScreen */ = {
			isa = PBXGroup;
			children = (
				DBAFDA2F2836432B00E167AD /* LoginVC.swift */,
				DB34B4D92837BE650007FDC9 /* LoginModel.swift */,
			);
			path = LoginScreen;
			sourceTree = "<group>";
		};
		DBAFDA2D2836421E00E167AD /* SignupScreen */ = {
			isa = PBXGroup;
			children = (
				DBAFDA372836434500E167AD /* SignUpVC.swift */,
				DB36AFEB283B867B004AB94C /* SignupModel.swift */,
			);
			path = SignupScreen;
			sourceTree = "<group>";
		};
		DBAFDA2E2836422A00E167AD /* HomeScreen */ = {
			isa = PBXGroup;
			children = (
				DBAFDA3C2836435700E167AD /* HomeVC.swift */,
				DB36AFF0283B89C4004AB94C /* HomeModel.swift */,
			);
			path = HomeScreen;
			sourceTree = "<group>";
		};
		DBFF621027EF6D2900AB2628 /* HigherOrder_Functions */ = {
			isa = PBXGroup;
			children = (
				DBB7732927F305B600D2AD06 /* HigherOrder.playground */,
			);
			path = HigherOrder_Functions;
			sourceTree = "<group>";
		};
/* End PBXGroup section */

/* Begin PBXNativeTarget section */
		DB38027C27E23BCC004F27D8 /* Swift_Practice2022 */ = {
			isa = PBXNativeTarget;
			buildConfigurationList = DB3802AA27E23BD0004F27D8 /* Build configuration list for PBXNativeTarget "Swift_Practice2022" */;
			buildPhases = (
				73019DDFCDE804D33F7808A4 /* [CP] Check Pods Manifest.lock */,
				DB38027927E23BCC004F27D8 /* Sources */,
				DB38027A27E23BCC004F27D8 /* Frameworks */,
				DB38027B27E23BCC004F27D8 /* Resources */,
				B2A5AB25FB9D719089B343E1 /* [CP] Embed Pods Frameworks */,
			);
			buildRules = (
			);
			dependencies = (
			);
			name = Swift_Practice2022;
			productName = Swift_Practice2022;
			productReference = DB38027D27E23BCC004F27D8 /* Swift_Practice2022.app */;
			productType = "com.apple.product-type.application";
		};
		DB38029527E23BD0004F27D8 /* Swift_Practice2022Tests */ = {
			isa = PBXNativeTarget;
			buildConfigurationList = DB3802AD27E23BD0004F27D8 /* Build configuration list for PBXNativeTarget "Swift_Practice2022Tests" */;
			buildPhases = (
				CCB5B760C02032CA755F72E7 /* [CP] Check Pods Manifest.lock */,
				DB38029227E23BD0004F27D8 /* Sources */,
				DB38029327E23BD0004F27D8 /* Frameworks */,
				DB38029427E23BD0004F27D8 /* Resources */,
			);
			buildRules = (
			);
			dependencies = (
				DB38029827E23BD0004F27D8 /* PBXTargetDependency */,
			);
			name = Swift_Practice2022Tests;
			productName = Swift_Practice2022Tests;
			productReference = DB38029627E23BD0004F27D8 /* Swift_Practice2022Tests.xctest */;
			productType = "com.apple.product-type.bundle.unit-test";
		};
		DB3802A027E23BD0004F27D8 /* Swift_Practice2022UITests */ = {
			isa = PBXNativeTarget;
			buildConfigurationList = DB3802B027E23BD0004F27D8 /* Build configuration list for PBXNativeTarget "Swift_Practice2022UITests" */;
			buildPhases = (
				072A96E6164158D1E1134A4F /* [CP] Check Pods Manifest.lock */,
				DB38029D27E23BD0004F27D8 /* Sources */,
				DB38029E27E23BD0004F27D8 /* Frameworks */,
				DB38029F27E23BD0004F27D8 /* Resources */,
				3556368616689F327BDEB87A /* [CP] Embed Pods Frameworks */,
			);
			buildRules = (
			);
			dependencies = (
				DB3802A327E23BD0004F27D8 /* PBXTargetDependency */,
			);
			name = Swift_Practice2022UITests;
			productName = Swift_Practice2022UITests;
			productReference = DB3802A127E23BD0004F27D8 /* Swift_Practice2022UITests.xctest */;
			productType = "com.apple.product-type.bundle.ui-testing";
		};
/* End PBXNativeTarget section */

/* Begin PBXProject section */
		DB38027527E23BCC004F27D8 /* Project object */ = {
			isa = PBXProject;
			attributes = {
				LastSwiftUpdateCheck = 1240;
				LastUpgradeCheck = 1240;
				TargetAttributes = {
					DB38027C27E23BCC004F27D8 = {
						CreatedOnToolsVersion = 12.4;
					};
					DB38029527E23BD0004F27D8 = {
						CreatedOnToolsVersion = 12.4;
						TestTargetID = DB38027C27E23BCC004F27D8;
					};
					DB3802A027E23BD0004F27D8 = {
						CreatedOnToolsVersion = 12.4;
						TestTargetID = DB38027C27E23BCC004F27D8;
					};
				};
			};
			buildConfigurationList = DB38027827E23BCC004F27D8 /* Build configuration list for PBXProject "Swift_Practice2022" */;
			compatibilityVersion = "Xcode 9.3";
			developmentRegion = en;
			hasScannedForEncodings = 0;
			knownRegions = (
				en,
				Base,
			);
			mainGroup = DB38027427E23BCC004F27D8;
			productRefGroup = DB38027E27E23BCC004F27D8 /* Products */;
			projectDirPath = "";
			projectRoot = "";
			targets = (
				DB38027C27E23BCC004F27D8 /* Swift_Practice2022 */,
				DB38029527E23BD0004F27D8 /* Swift_Practice2022Tests */,
				DB3802A027E23BD0004F27D8 /* Swift_Practice2022UITests */,
			);
		};
/* End PBXProject section */

/* Begin PBXResourcesBuildPhase section */
		DB38027B27E23BCC004F27D8 /* Resources */ = {
			isa = PBXResourcesBuildPhase;
			buildActionMask = 2147483647;
			files = (
				DB38029027E23BCF004F27D8 /* LaunchScreen.storyboard in Resources */,
				DB38028D27E23BCF004F27D8 /* Assets.xcassets in Resources */,
				DB6BEDC527F719AD00C3855E /* file-sample_1MB.docx in Resources */,
				DB38028827E23BCC004F27D8 /* Main.storyboard in Resources */,
			);
			runOnlyForDeploymentPostprocessing = 0;
		};
		DB38029427E23BD0004F27D8 /* Resources */ = {
			isa = PBXResourcesBuildPhase;
			buildActionMask = 2147483647;
			files = (
			);
			runOnlyForDeploymentPostprocessing = 0;
		};
		DB38029F27E23BD0004F27D8 /* Resources */ = {
			isa = PBXResourcesBuildPhase;
			buildActionMask = 2147483647;
			files = (
			);
			runOnlyForDeploymentPostprocessing = 0;
		};
/* End PBXResourcesBuildPhase section */

/* Begin PBXShellScriptBuildPhase section */
		072A96E6164158D1E1134A4F /* [CP] Check Pods Manifest.lock */ = {
			isa = PBXShellScriptBuildPhase;
			buildActionMask = 2147483647;
			files = (
			);
			inputFileListPaths = (
			);
			inputPaths = (
				"${PODS_PODFILE_DIR_PATH}/Podfile.lock",
				"${PODS_ROOT}/Manifest.lock",
			);
			name = "[CP] Check Pods Manifest.lock";
			outputFileListPaths = (
			);
			outputPaths = (
				"$(DERIVED_FILE_DIR)/Pods-Swift_Practice2022-Swift_Practice2022UITests-checkManifestLockResult.txt",
			);
			runOnlyForDeploymentPostprocessing = 0;
			shellPath = /bin/sh;
			shellScript = "diff \"${PODS_PODFILE_DIR_PATH}/Podfile.lock\" \"${PODS_ROOT}/Manifest.lock\" > /dev/null\nif [ $? != 0 ] ; then\n    # print error to STDERR\n    echo \"error: The sandbox is not in sync with the Podfile.lock. Run 'pod install' or update your CocoaPods installation.\" >&2\n    exit 1\nfi\n# This output is used by Xcode 'outputs' to avoid re-running this script phase.\necho \"SUCCESS\" > \"${SCRIPT_OUTPUT_FILE_0}\"\n";
			showEnvVarsInLog = 0;
		};
		3556368616689F327BDEB87A /* [CP] Embed Pods Frameworks */ = {
			isa = PBXShellScriptBuildPhase;
			buildActionMask = 2147483647;
			files = (
			);
			inputFileListPaths = (
				"${PODS_ROOT}/Target Support Files/Pods-Swift_Practice2022-Swift_Practice2022UITests/Pods-Swift_Practice2022-Swift_Practice2022UITests-frameworks-${CONFIGURATION}-input-files.xcfilelist",
			);
			name = "[CP] Embed Pods Frameworks";
			outputFileListPaths = (
				"${PODS_ROOT}/Target Support Files/Pods-Swift_Practice2022-Swift_Practice2022UITests/Pods-Swift_Practice2022-Swift_Practice2022UITests-frameworks-${CONFIGURATION}-output-files.xcfilelist",
			);
			runOnlyForDeploymentPostprocessing = 0;
			shellPath = /bin/sh;
			shellScript = "\"${PODS_ROOT}/Target Support Files/Pods-Swift_Practice2022-Swift_Practice2022UITests/Pods-Swift_Practice2022-Swift_Practice2022UITests-frameworks.sh\"\n";
			showEnvVarsInLog = 0;
		};
		73019DDFCDE804D33F7808A4 /* [CP] Check Pods Manifest.lock */ = {
			isa = PBXShellScriptBuildPhase;
			buildActionMask = 2147483647;
			files = (
			);
			inputFileListPaths = (
			);
			inputPaths = (
				"${PODS_PODFILE_DIR_PATH}/Podfile.lock",
				"${PODS_ROOT}/Manifest.lock",
			);
			name = "[CP] Check Pods Manifest.lock";
			outputFileListPaths = (
			);
			outputPaths = (
				"$(DERIVED_FILE_DIR)/Pods-Swift_Practice2022-checkManifestLockResult.txt",
			);
			runOnlyForDeploymentPostprocessing = 0;
			shellPath = /bin/sh;
			shellScript = "diff \"${PODS_PODFILE_DIR_PATH}/Podfile.lock\" \"${PODS_ROOT}/Manifest.lock\" > /dev/null\nif [ $? != 0 ] ; then\n    # print error to STDERR\n    echo \"error: The sandbox is not in sync with the Podfile.lock. Run 'pod install' or update your CocoaPods installation.\" >&2\n    exit 1\nfi\n# This output is used by Xcode 'outputs' to avoid re-running this script phase.\necho \"SUCCESS\" > \"${SCRIPT_OUTPUT_FILE_0}\"\n";
			showEnvVarsInLog = 0;
		};
		B2A5AB25FB9D719089B343E1 /* [CP] Embed Pods Frameworks */ = {
			isa = PBXShellScriptBuildPhase;
			buildActionMask = 2147483647;
			files = (
			);
			inputFileListPaths = (
				"${PODS_ROOT}/Target Support Files/Pods-Swift_Practice2022/Pods-Swift_Practice2022-frameworks-${CONFIGURATION}-input-files.xcfilelist",
			);
			name = "[CP] Embed Pods Frameworks";
			outputFileListPaths = (
				"${PODS_ROOT}/Target Support Files/Pods-Swift_Practice2022/Pods-Swift_Practice2022-frameworks-${CONFIGURATION}-output-files.xcfilelist",
			);
			runOnlyForDeploymentPostprocessing = 0;
			shellPath = /bin/sh;
			shellScript = "\"${PODS_ROOT}/Target Support Files/Pods-Swift_Practice2022/Pods-Swift_Practice2022-frameworks.sh\"\n";
			showEnvVarsInLog = 0;
		};
		CCB5B760C02032CA755F72E7 /* [CP] Check Pods Manifest.lock */ = {
			isa = PBXShellScriptBuildPhase;
			buildActionMask = 2147483647;
			files = (
			);
			inputFileListPaths = (
			);
			inputPaths = (
				"${PODS_PODFILE_DIR_PATH}/Podfile.lock",
				"${PODS_ROOT}/Manifest.lock",
			);
			name = "[CP] Check Pods Manifest.lock";
			outputFileListPaths = (
			);
			outputPaths = (
				"$(DERIVED_FILE_DIR)/Pods-Swift_Practice2022Tests-checkManifestLockResult.txt",
			);
			runOnlyForDeploymentPostprocessing = 0;
			shellPath = /bin/sh;
			shellScript = "diff \"${PODS_PODFILE_DIR_PATH}/Podfile.lock\" \"${PODS_ROOT}/Manifest.lock\" > /dev/null\nif [ $? != 0 ] ; then\n    # print error to STDERR\n    echo \"error: The sandbox is not in sync with the Podfile.lock. Run 'pod install' or update your CocoaPods installation.\" >&2\n    exit 1\nfi\n# This output is used by Xcode 'outputs' to avoid re-running this script phase.\necho \"SUCCESS\" > \"${SCRIPT_OUTPUT_FILE_0}\"\n";
			showEnvVarsInLog = 0;
		};
/* End PBXShellScriptBuildPhase section */

/* Begin PBXSourcesBuildPhase section */
		DB38027927E23BCC004F27D8 /* Sources */ = {
			isa = PBXSourcesBuildPhase;
			buildActionMask = 2147483647;
			files = (
				DB38028B27E23BCC004F27D8 /* Swift_Practice2022.xcdatamodeld in Sources */,
				DBAFDA3D2836435700E167AD /* HomeVC.swift in Sources */,
				DB38028527E23BCC004F27D8 /* ViewController.swift in Sources */,
				DB38028127E23BCC004F27D8 /* AppDelegate.swift in Sources */,
				DB34B4DA2837BE650007FDC9 /* LoginModel.swift in Sources */,
				DB34B4D1283794ED0007FDC9 /* Reusable.swift in Sources */,
				DB38028327E23BCC004F27D8 /* SceneDelegate.swift in Sources */,
				DBAFDA382836434500E167AD /* SignUpVC.swift in Sources */,
				DB36AFF1283B89C4004AB94C /* HomeModel.swift in Sources */,
				DB36AFE4283B6DC6004AB94C /* APICalls.swift in Sources */,
				DBAFDA302836432B00E167AD /* LoginVC.swift in Sources */,
				DB36AFEC283B867B004AB94C /* SignupModel.swift in Sources */,
			);
			runOnlyForDeploymentPostprocessing = 0;
		};
		DB38029227E23BD0004F27D8 /* Sources */ = {
			isa = PBXSourcesBuildPhase;
			buildActionMask = 2147483647;
			files = (
				DB38029B27E23BD0004F27D8 /* Swift_Practice2022Tests.swift in Sources */,
			);
			runOnlyForDeploymentPostprocessing = 0;
		};
		DB38029D27E23BD0004F27D8 /* Sources */ = {
			isa = PBXSourcesBuildPhase;
			buildActionMask = 2147483647;
			files = (
				DB3802A627E23BD0004F27D8 /* Swift_Practice2022UITests.swift in Sources */,
			);
			runOnlyForDeploymentPostprocessing = 0;
		};
/* End PBXSourcesBuildPhase section */

/* Begin PBXTargetDependency section */
		DB38029827E23BD0004F27D8 /* PBXTargetDependency */ = {
			isa = PBXTargetDependency;
			target = DB38027C27E23BCC004F27D8 /* Swift_Practice2022 */;
			targetProxy = DB38029727E23BD0004F27D8 /* PBXContainerItemProxy */;
		};
		DB3802A327E23BD0004F27D8 /* PBXTargetDependency */ = {
			isa = PBXTargetDependency;
			target = DB38027C27E23BCC004F27D8 /* Swift_Practice2022 */;
			targetProxy = DB3802A227E23BD0004F27D8 /* PBXContainerItemProxy */;
		};
/* End PBXTargetDependency section */

/* Begin PBXVariantGroup section */
		DB38028627E23BCC004F27D8 /* Main.storyboard */ = {
			isa = PBXVariantGroup;
			children = (
				DB38028727E23BCC004F27D8 /* Base */,
			);
			name = Main.storyboard;
			sourceTree = "<group>";
		};
		DB38028E27E23BCF004F27D8 /* LaunchScreen.storyboard */ = {
			isa = PBXVariantGroup;
			children = (
				DB38028F27E23BCF004F27D8 /* Base */,
			);
			name = LaunchScreen.storyboard;
			sourceTree = "<group>";
		};
/* End PBXVariantGroup section */

/* Begin XCBuildConfiguration section */
		DB3802A827E23BD0004F27D8 /* Debug */ = {
			isa = XCBuildConfiguration;
			buildSettings = {
				ALWAYS_SEARCH_USER_PATHS = NO;
				CLANG_ANALYZER_NONNULL = YES;
				CLANG_ANALYZER_NUMBER_OBJECT_CONVERSION = YES_AGGRESSIVE;
				CLANG_CXX_LANGUAGE_STANDARD = "gnu++14";
				CLANG_CXX_LIBRARY = "libc++";
				CLANG_ENABLE_MODULES = YES;
				CLANG_ENABLE_OBJC_ARC = YES;
				CLANG_ENABLE_OBJC_WEAK = YES;
				CLANG_WARN_BLOCK_CAPTURE_AUTORELEASING = YES;
				CLANG_WARN_BOOL_CONVERSION = YES;
				CLANG_WARN_COMMA = YES;
				CLANG_WARN_CONSTANT_CONVERSION = YES;
				CLANG_WARN_DEPRECATED_OBJC_IMPLEMENTATIONS = YES;
				CLANG_WARN_DIRECT_OBJC_ISA_USAGE = YES_ERROR;
				CLANG_WARN_DOCUMENTATION_COMMENTS = YES;
				CLANG_WARN_EMPTY_BODY = YES;
				CLANG_WARN_ENUM_CONVERSION = YES;
				CLANG_WARN_INFINITE_RECURSION = YES;
				CLANG_WARN_INT_CONVERSION = YES;
				CLANG_WARN_NON_LITERAL_NULL_CONVERSION = YES;
				CLANG_WARN_OBJC_IMPLICIT_RETAIN_SELF = YES;
				CLANG_WARN_OBJC_LITERAL_CONVERSION = YES;
				CLANG_WARN_OBJC_ROOT_CLASS = YES_ERROR;
				CLANG_WARN_QUOTED_INCLUDE_IN_FRAMEWORK_HEADER = YES;
				CLANG_WARN_RANGE_LOOP_ANALYSIS = YES;
				CLANG_WARN_STRICT_PROTOTYPES = YES;
				CLANG_WARN_SUSPICIOUS_MOVE = YES;
				CLANG_WARN_UNGUARDED_AVAILABILITY = YES_AGGRESSIVE;
				CLANG_WARN_UNREACHABLE_CODE = YES;
				CLANG_WARN__DUPLICATE_METHOD_MATCH = YES;
				COPY_PHASE_STRIP = NO;
				DEBUG_INFORMATION_FORMAT = dwarf;
				ENABLE_STRICT_OBJC_MSGSEND = YES;
				ENABLE_TESTABILITY = YES;
				GCC_C_LANGUAGE_STANDARD = gnu11;
				GCC_DYNAMIC_NO_PIC = NO;
				GCC_NO_COMMON_BLOCKS = YES;
				GCC_OPTIMIZATION_LEVEL = 0;
				GCC_PREPROCESSOR_DEFINITIONS = (
					"DEBUG=1",
					"$(inherited)",
				);
				GCC_WARN_64_TO_32_BIT_CONVERSION = YES;
				GCC_WARN_ABOUT_RETURN_TYPE = YES_ERROR;
				GCC_WARN_UNDECLARED_SELECTOR = YES;
				GCC_WARN_UNINITIALIZED_AUTOS = YES_AGGRESSIVE;
				GCC_WARN_UNUSED_FUNCTION = YES;
				GCC_WARN_UNUSED_VARIABLE = YES;
				IPHONEOS_DEPLOYMENT_TARGET = 14.4;
				MTL_ENABLE_DEBUG_INFO = INCLUDE_SOURCE;
				MTL_FAST_MATH = YES;
				ONLY_ACTIVE_ARCH = YES;
				SDKROOT = iphoneos;
				SWIFT_ACTIVE_COMPILATION_CONDITIONS = DEBUG;
				SWIFT_OPTIMIZATION_LEVEL = "-Onone";
			};
			name = Debug;
		};
		DB3802A927E23BD0004F27D8 /* Release */ = {
			isa = XCBuildConfiguration;
			buildSettings = {
				ALWAYS_SEARCH_USER_PATHS = NO;
				CLANG_ANALYZER_NONNULL = YES;
				CLANG_ANALYZER_NUMBER_OBJECT_CONVERSION = YES_AGGRESSIVE;
				CLANG_CXX_LANGUAGE_STANDARD = "gnu++14";
				CLANG_CXX_LIBRARY = "libc++";
				CLANG_ENABLE_MODULES = YES;
				CLANG_ENABLE_OBJC_ARC = YES;
				CLANG_ENABLE_OBJC_WEAK = YES;
				CLANG_WARN_BLOCK_CAPTURE_AUTORELEASING = YES;
				CLANG_WARN_BOOL_CONVERSION = YES;
				CLANG_WARN_COMMA = YES;
				CLANG_WARN_CONSTANT_CONVERSION = YES;
				CLANG_WARN_DEPRECATED_OBJC_IMPLEMENTATIONS = YES;
				CLANG_WARN_DIRECT_OBJC_ISA_USAGE = YES_ERROR;
				CLANG_WARN_DOCUMENTATION_COMMENTS = YES;
				CLANG_WARN_EMPTY_BODY = YES;
				CLANG_WARN_ENUM_CONVERSION = YES;
				CLANG_WARN_INFINITE_RECURSION = YES;
				CLANG_WARN_INT_CONVERSION = YES;
				CLANG_WARN_NON_LITERAL_NULL_CONVERSION = YES;
				CLANG_WARN_OBJC_IMPLICIT_RETAIN_SELF = YES;
				CLANG_WARN_OBJC_LITERAL_CONVERSION = YES;
				CLANG_WARN_OBJC_ROOT_CLASS = YES_ERROR;
				CLANG_WARN_QUOTED_INCLUDE_IN_FRAMEWORK_HEADER = YES;
				CLANG_WARN_RANGE_LOOP_ANALYSIS = YES;
				CLANG_WARN_STRICT_PROTOTYPES = YES;
				CLANG_WARN_SUSPICIOUS_MOVE = YES;
				CLANG_WARN_UNGUARDED_AVAILABILITY = YES_AGGRESSIVE;
				CLANG_WARN_UNREACHABLE_CODE = YES;
				CLANG_WARN__DUPLICATE_METHOD_MATCH = YES;
				COPY_PHASE_STRIP = NO;
				DEBUG_INFORMATION_FORMAT = "dwarf-with-dsym";
				ENABLE_NS_ASSERTIONS = NO;
				ENABLE_STRICT_OBJC_MSGSEND = YES;
				GCC_C_LANGUAGE_STANDARD = gnu11;
				GCC_NO_COMMON_BLOCKS = YES;
				GCC_WARN_64_TO_32_BIT_CONVERSION = YES;
				GCC_WARN_ABOUT_RETURN_TYPE = YES_ERROR;
				GCC_WARN_UNDECLARED_SELECTOR = YES;
				GCC_WARN_UNINITIALIZED_AUTOS = YES_AGGRESSIVE;
				GCC_WARN_UNUSED_FUNCTION = YES;
				GCC_WARN_UNUSED_VARIABLE = YES;
				IPHONEOS_DEPLOYMENT_TARGET = 14.4;
				MTL_ENABLE_DEBUG_INFO = NO;
				MTL_FAST_MATH = YES;
				SDKROOT = iphoneos;
				SWIFT_COMPILATION_MODE = wholemodule;
				SWIFT_OPTIMIZATION_LEVEL = "-O";
				VALIDATE_PRODUCT = YES;
			};
			name = Release;
		};
		DB3802AB27E23BD0004F27D8 /* Debug */ = {
			isa = XCBuildConfiguration;
			baseConfigurationReference = 3C6477B87D9979D81A17E108 /* Pods-Swift_Practice2022.debug.xcconfig */;
			buildSettings = {
				ASSETCATALOG_COMPILER_APPICON_NAME = AppIcon;
				ASSETCATALOG_COMPILER_GLOBAL_ACCENT_COLOR_NAME = AccentColor;
				CODE_SIGN_STYLE = Automatic;
				DEVELOPMENT_TEAM = 835K5T4NN2;
				INFOPLIST_FILE = Swift_Practice2022/Info.plist;
				LD_RUNPATH_SEARCH_PATHS = (
					"$(inherited)",
					"@executable_path/Frameworks",
				);
				PRODUCT_BUNDLE_IDENTIFIER = "Ravikumar.Swift-Practice2022";
				PRODUCT_NAME = "$(TARGET_NAME)";
				SWIFT_VERSION = 5.0;
				TARGETED_DEVICE_FAMILY = "1,2";
			};
			name = Debug;
		};
		DB3802AC27E23BD0004F27D8 /* Release */ = {
			isa = XCBuildConfiguration;
			baseConfigurationReference = 0836C76C28392E940330BDCC /* Pods-Swift_Practice2022.release.xcconfig */;
			buildSettings = {
				ASSETCATALOG_COMPILER_APPICON_NAME = AppIcon;
				ASSETCATALOG_COMPILER_GLOBAL_ACCENT_COLOR_NAME = AccentColor;
				CODE_SIGN_STYLE = Automatic;
				DEVELOPMENT_TEAM = 835K5T4NN2;
				INFOPLIST_FILE = Swift_Practice2022/Info.plist;
				LD_RUNPATH_SEARCH_PATHS = (
					"$(inherited)",
					"@executable_path/Frameworks",
				);
				PRODUCT_BUNDLE_IDENTIFIER = "Ravikumar.Swift-Practice2022";
				PRODUCT_NAME = "$(TARGET_NAME)";
				SWIFT_VERSION = 5.0;
				TARGETED_DEVICE_FAMILY = "1,2";
			};
			name = Release;
		};
		DB3802AE27E23BD0004F27D8 /* Debug */ = {
			isa = XCBuildConfiguration;
			baseConfigurationReference = ABD525A5E5116AB8477AB748 /* Pods-Swift_Practice2022Tests.debug.xcconfig */;
			buildSettings = {
				ALWAYS_EMBED_SWIFT_STANDARD_LIBRARIES = YES;
				BUNDLE_LOADER = "$(TEST_HOST)";
				CODE_SIGN_STYLE = Automatic;
				DEVELOPMENT_TEAM = 835K5T4NN2;
				INFOPLIST_FILE = Swift_Practice2022Tests/Info.plist;
				IPHONEOS_DEPLOYMENT_TARGET = 14.4;
				LD_RUNPATH_SEARCH_PATHS = (
					"$(inherited)",
					"@executable_path/Frameworks",
					"@loader_path/Frameworks",
				);
				PRODUCT_BUNDLE_IDENTIFIER = "Ravikumar.Swift-Practice2022Tests";
				PRODUCT_NAME = "$(TARGET_NAME)";
				SWIFT_VERSION = 5.0;
				TARGETED_DEVICE_FAMILY = "1,2";
				TEST_HOST = "$(BUILT_PRODUCTS_DIR)/Swift_Practice2022.app/Swift_Practice2022";
			};
			name = Debug;
		};
		DB3802AF27E23BD0004F27D8 /* Release */ = {
			isa = XCBuildConfiguration;
			baseConfigurationReference = 9C9B12C7CAD994027001EC09 /* Pods-Swift_Practice2022Tests.release.xcconfig */;
			buildSettings = {
				ALWAYS_EMBED_SWIFT_STANDARD_LIBRARIES = YES;
				BUNDLE_LOADER = "$(TEST_HOST)";
				CODE_SIGN_STYLE = Automatic;
				DEVELOPMENT_TEAM = 835K5T4NN2;
				INFOPLIST_FILE = Swift_Practice2022Tests/Info.plist;
				IPHONEOS_DEPLOYMENT_TARGET = 14.4;
				LD_RUNPATH_SEARCH_PATHS = (
					"$(inherited)",
					"@executable_path/Frameworks",
					"@loader_path/Frameworks",
				);
				PRODUCT_BUNDLE_IDENTIFIER = "Ravikumar.Swift-Practice2022Tests";
				PRODUCT_NAME = "$(TARGET_NAME)";
				SWIFT_VERSION = 5.0;
				TARGETED_DEVICE_FAMILY = "1,2";
				TEST_HOST = "$(BUILT_PRODUCTS_DIR)/Swift_Practice2022.app/Swift_Practice2022";
			};
			name = Release;
		};
		DB3802B127E23BD0004F27D8 /* Debug */ = {
			isa = XCBuildConfiguration;
			baseConfigurationReference = 852435C7F6B82E8724C40746 /* Pods-Swift_Practice2022-Swift_Practice2022UITests.debug.xcconfig */;
			buildSettings = {
				ALWAYS_EMBED_SWIFT_STANDARD_LIBRARIES = YES;
				CODE_SIGN_STYLE = Automatic;
				DEVELOPMENT_TEAM = 835K5T4NN2;
				INFOPLIST_FILE = Swift_Practice2022UITests/Info.plist;
				LD_RUNPATH_SEARCH_PATHS = (
					"$(inherited)",
					"@executable_path/Frameworks",
					"@loader_path/Frameworks",
				);
				PRODUCT_BUNDLE_IDENTIFIER = "Ravikumar.Swift-Practice2022UITests";
				PRODUCT_NAME = "$(TARGET_NAME)";
				SWIFT_VERSION = 5.0;
				TARGETED_DEVICE_FAMILY = "1,2";
				TEST_TARGET_NAME = Swift_Practice2022;
			};
			name = Debug;
		};
		DB3802B227E23BD0004F27D8 /* Release */ = {
			isa = XCBuildConfiguration;
			baseConfigurationReference = 6657280E3B7968911CF8A4B7 /* Pods-Swift_Practice2022-Swift_Practice2022UITests.release.xcconfig */;
			buildSettings = {
				ALWAYS_EMBED_SWIFT_STANDARD_LIBRARIES = YES;
				CODE_SIGN_STYLE = Automatic;
				DEVELOPMENT_TEAM = 835K5T4NN2;
				INFOPLIST_FILE = Swift_Practice2022UITests/Info.plist;
				LD_RUNPATH_SEARCH_PATHS = (
					"$(inherited)",
					"@executable_path/Frameworks",
					"@loader_path/Frameworks",
				);
				PRODUCT_BUNDLE_IDENTIFIER = "Ravikumar.Swift-Practice2022UITests";
				PRODUCT_NAME = "$(TARGET_NAME)";
				SWIFT_VERSION = 5.0;
				TARGETED_DEVICE_FAMILY = "1,2";
				TEST_TARGET_NAME = Swift_Practice2022;
			};
			name = Release;
		};
/* End XCBuildConfiguration section */

/* Begin XCConfigurationList section */
		DB38027827E23BCC004F27D8 /* Build configuration list for PBXProject "Swift_Practice2022" */ = {
			isa = XCConfigurationList;
			buildConfigurations = (
				DB3802A827E23BD0004F27D8 /* Debug */,
				DB3802A927E23BD0004F27D8 /* Release */,
			);
			defaultConfigurationIsVisible = 0;
			defaultConfigurationName = Release;
		};
		DB3802AA27E23BD0004F27D8 /* Build configuration list for PBXNativeTarget "Swift_Practice2022" */ = {
			isa = XCConfigurationList;
			buildConfigurations = (
				DB3802AB27E23BD0004F27D8 /* Debug */,
				DB3802AC27E23BD0004F27D8 /* Release */,
			);
			defaultConfigurationIsVisible = 0;
			defaultConfigurationName = Release;
		};
		DB3802AD27E23BD0004F27D8 /* Build configuration list for PBXNativeTarget "Swift_Practice2022Tests" */ = {
			isa = XCConfigurationList;
			buildConfigurations = (
				DB3802AE27E23BD0004F27D8 /* Debug */,
				DB3802AF27E23BD0004F27D8 /* Release */,
			);
			defaultConfigurationIsVisible = 0;
			defaultConfigurationName = Release;
		};
		DB3802B027E23BD0004F27D8 /* Build configuration list for PBXNativeTarget "Swift_Practice2022UITests" */ = {
			isa = XCConfigurationList;
			buildConfigurations = (
				DB3802B127E23BD0004F27D8 /* Debug */,
				DB3802B227E23BD0004F27D8 /* Release */,
			);
			defaultConfigurationIsVisible = 0;
			defaultConfigurationName = Release;
		};
/* End XCConfigurationList section */

/* Begin XCVersionGroup section */
		DB38028927E23BCC004F27D8 /* Swift_Practice2022.xcdatamodeld */ = {
			isa = XCVersionGroup;
			children = (
				DB38028A27E23BCC004F27D8 /* Swift_Practice2022.xcdatamodel */,
			);
			currentVersion = DB38028A27E23BCC004F27D8 /* Swift_Practice2022.xcdatamodel */;
			path = Swift_Practice2022.xcdatamodeld;
			sourceTree = "<group>";
			versionGroupType = wrapper.xcdatamodel;
		};
/* End XCVersionGroup section */
	};
	rootObject = DB38027527E23BCC004F27D8 /* Project object */;
}
